
Microsoft Visual Studio Solution File, Format Version 12.00
# Visual Studio Version 17
VisualStudioVersion = 17.12.35527.113
MinimumVisualStudioVersion = 10.0.40219.1
Project("{9A19103F-16F7-4668-BE54-9A1E7A4F7556}") = "Contatos.Core", "Contatos.Core\Contatos.Core.csproj", "{6E4605AC-C80F-4F9C-91AC-F590D8FF7811}"
EndProject
Project("{9A19103F-16F7-4668-BE54-9A1E7A4F7556}") = "Contatos.Infra", "Contatos.Infra\Contatos.Infra.csproj", "{E3B15059-9DBC-4159-B9BD-8952E0817556}"
EndProject
Project("{9A19103F-16F7-4668-BE54-9A1E7A4F7556}") = "Contatos.Application", "Contatos.Application\Contatos.Application.csproj", "{A960B64C-B403-4E34-857F-F7319DEB91E6}"
EndProject
Project("{9A19103F-16F7-4668-BE54-9A1E7A4F7556}") = "Contatos.Api", "Contatos.Api\Contatos.Api.csproj", "{D20326F4-6D80-4704-9DA6-7F0D3CFBBFA8}"
EndProject
Project("{9A19103F-16F7-4668-BE54-9A1E7A4F7556}") = "Contatos.Test", "Contatos.Test\Contatos.Test.csproj", "{A2F49F5A-9FBA-44A5-A9D8-34866843AB87}"
EndProject
Project("{2150E333-8FDC-42A3-9474-1A3956D46DE8}") = ".github", ".github", "{5377FF5A-DFE9-49FD-B6A7-77CEBB4CD202}"
EndProject
Project("{2150E333-8FDC-42A3-9474-1A3956D46DE8}") = "workflows", "workflows", "{1AFFE957-9B55-47FD-B851-8F74A81A7BB7}"
	ProjectSection(SolutionItems) = preProject
		ci.yml = ci.yml
	EndProjectSection
EndProject
Global
	GlobalSection(SolutionConfigurationPlatforms) = preSolution
		Debug|Any CPU = Debug|Any CPU
		Release|Any CPU = Release|Any CPU
	EndGlobalSection
	GlobalSection(ProjectConfigurationPlatforms) = postSolution
		{6E4605AC-C80F-4F9C-91AC-F590D8FF7811}.Debug|Any CPU.ActiveCfg = Debug|Any CPU
		{6E4605AC-C80F-4F9C-91AC-F590D8FF7811}.Debug|Any CPU.Build.0 = Debug|Any CPU
		{6E4605AC-C80F-4F9C-91AC-F590D8FF7811}.Release|Any CPU.ActiveCfg = Release|Any CPU
		{6E4605AC-C80F-4F9C-91AC-F590D8FF7811}.Release|Any CPU.Build.0 = Release|Any CPU
		{E3B15059-9DBC-4159-B9BD-8952E0817556}.Debug|Any CPU.ActiveCfg = Debug|Any CPU
		{E3B15059-9DBC-4159-B9BD-8952E0817556}.Debug|Any CPU.Build.0 = Debug|Any CPU
		{E3B15059-9DBC-4159-B9BD-8952E0817556}.Release|Any CPU.ActiveCfg = Release|Any CPU
		{E3B15059-9DBC-4159-B9BD-8952E0817556}.Release|Any CPU.Build.0 = Release|Any CPU
		{A960B64C-B403-4E34-857F-F7319DEB91E6}.Debug|Any CPU.ActiveCfg = Debug|Any CPU
		{A960B64C-B403-4E34-857F-F7319DEB91E6}.Debug|Any CPU.Build.0 = Debug|Any CPU
		{A960B64C-B403-4E34-857F-F7319DEB91E6}.Release|Any CPU.ActiveCfg = Release|Any CPU
		{A960B64C-B403-4E34-857F-F7319DEB91E6}.Release|Any CPU.Build.0 = Release|Any CPU
		{D20326F4-6D80-4704-9DA6-7F0D3CFBBFA8}.Debug|Any CPU.ActiveCfg = Debug|Any CPU
		{D20326F4-6D80-4704-9DA6-7F0D3CFBBFA8}.Debug|Any CPU.Build.0 = Debug|Any CPU
		{D20326F4-6D80-4704-9DA6-7F0D3CFBBFA8}.Release|Any CPU.ActiveCfg = Release|Any CPU
		{D20326F4-6D80-4704-9DA6-7F0D3CFBBFA8}.Release|Any CPU.Build.0 = Release|Any CPU
		{A2F49F5A-9FBA-44A5-A9D8-34866843AB87}.Debug|Any CPU.ActiveCfg = Debug|Any CPU
		{A2F49F5A-9FBA-44A5-A9D8-34866843AB87}.Debug|Any CPU.Build.0 = Debug|Any CPU
		{A2F49F5A-9FBA-44A5-A9D8-34866843AB87}.Release|Any CPU.ActiveCfg = Release|Any CPU
		{A2F49F5A-9FBA-44A5-A9D8-34866843AB87}.Release|Any CPU.Build.0 = Release|Any CPU
	EndGlobalSection
	GlobalSection(SolutionProperties) = preSolution
		HideSolutionNode = FALSE
	EndGlobalSection
	GlobalSection(NestedProjects) = preSolution
		{1AFFE957-9B55-47FD-B851-8F74A81A7BB7} = {5377FF5A-DFE9-49FD-B6A7-77CEBB4CD202}
	EndGlobalSection
	GlobalSection(ExtensibilityGlobals) = postSolution
		SolutionGuid = {E3A0878D-BD2C-4E54-AABB-A6515D12925A}
	EndGlobalSection
EndGlobal
