
Microsoft Visual Studio Solution File, Format Version 12.00
# Visual Studio Version 17
VisualStudioVersion = 17.12.35527.113
MinimumVisualStudioVersion = 10.0.40219.1
Project("{2150E333-8FDC-42A3-9474-1A3956D46DE8}") = ".github", ".github", "{5377FF5A-DFE9-49FD-B6A7-77CEBB4CD202}"
EndProject
Project("{2150E333-8FDC-42A3-9474-1A3956D46DE8}") = "workflows", "workflows", "{1AFFE957-9B55-47FD-B851-8F74A81A7BB7}"
	ProjectSection(SolutionItems) = preProject
		.github\workflows\ci.yml = .github\workflows\ci.yml
	EndProjectSection
EndProject
Project("{9A19103F-16F7-4668-BE54-9A1E7A4F7556}") = "Contatos.Api", "src\Contatos.Api\Contatos.Api.csproj", "{7E628320-012A-4EAA-A17B-027DE4F6275C}"
EndProject
Project("{9A19103F-16F7-4668-BE54-9A1E7A4F7556}") = "Contatos.Application", "src\Contatos.Application\Contatos.Application.csproj", "{552CCC21-B17B-4B88-818D-D0B253FD3BD5}"
EndProject
Project("{9A19103F-16F7-4668-BE54-9A1E7A4F7556}") = "Contatos.Core", "src\Contatos.Core\Contatos.Core.csproj", "{58CE5DF6-82C2-4F1C-ABB3-3AE5CB835874}"
EndProject
Project("{9A19103F-16F7-4668-BE54-9A1E7A4F7556}") = "Contatos.Infra", "src\Contatos.Infra\Contatos.Infra.csproj", "{85610109-2212-43D6-A240-1E58187BD241}"
EndProject
Project("{9A19103F-16F7-4668-BE54-9A1E7A4F7556}") = "Contatos.Test", "test\Contatos.Test\Contatos.Test.csproj", "{171B0DEF-8851-4DEE-BF02-F4458A8B899D}"
EndProject
Project("{2150E333-8FDC-42A3-9474-1A3956D46DE8}") = "Monitoring", "Monitoring", "{9A24791A-F65F-49BA-B845-D74053B7054F}"
	ProjectSection(SolutionItems) = preProject
		Docker-compose.yml = Docker-compose.yml
		prometheus.yml = prometheus.yml
	EndProjectSection
EndProject
Project("{9A19103F-16F7-4668-BE54-9A1E7A4F7556}") = "Contatos.Message", "src\Contatos.Message\Contatos.Message.csproj", "{C871A65A-1214-491E-A2BD-AAA1CB90BAE3}"
EndProject
Project("{9A19103F-16F7-4668-BE54-9A1E7A4F7556}") = "Contatos.Worker", "src\Contatos.Worker\Contatos.Worker.csproj", "{68380C6B-CAA8-4B05-9D8A-6551D17A750E}"
EndProject
Global
	GlobalSection(SolutionConfigurationPlatforms) = preSolution
		Debug|Any CPU = Debug|Any CPU
		Release|Any CPU = Release|Any CPU
	EndGlobalSection
	GlobalSection(ProjectConfigurationPlatforms) = postSolution
		{7E628320-012A-4EAA-A17B-027DE4F6275C}.Debug|Any CPU.ActiveCfg = Debug|Any CPU
		{7E628320-012A-4EAA-A17B-027DE4F6275C}.Debug|Any CPU.Build.0 = Debug|Any CPU
		{7E628320-012A-4EAA-A17B-027DE4F6275C}.Release|Any CPU.ActiveCfg = Release|Any CPU
		{7E628320-012A-4EAA-A17B-027DE4F6275C}.Release|Any CPU.Build.0 = Release|Any CPU
		{552CCC21-B17B-4B88-818D-D0B253FD3BD5}.Debug|Any CPU.ActiveCfg = Debug|Any CPU
		{552CCC21-B17B-4B88-818D-D0B253FD3BD5}.Debug|Any CPU.Build.0 = Debug|Any CPU
		{552CCC21-B17B-4B88-818D-D0B253FD3BD5}.Release|Any CPU.ActiveCfg = Release|Any CPU
		{552CCC21-B17B-4B88-818D-D0B253FD3BD5}.Release|Any CPU.Build.0 = Release|Any CPU
		{58CE5DF6-82C2-4F1C-ABB3-3AE5CB835874}.Debug|Any CPU.ActiveCfg = Debug|Any CPU
		{58CE5DF6-82C2-4F1C-ABB3-3AE5CB835874}.Debug|Any CPU.Build.0 = Debug|Any CPU
		{58CE5DF6-82C2-4F1C-ABB3-3AE5CB835874}.Release|Any CPU.ActiveCfg = Release|Any CPU
		{58CE5DF6-82C2-4F1C-ABB3-3AE5CB835874}.Release|Any CPU.Build.0 = Release|Any CPU
		{85610109-2212-43D6-A240-1E58187BD241}.Debug|Any CPU.ActiveCfg = Debug|Any CPU
		{85610109-2212-43D6-A240-1E58187BD241}.Debug|Any CPU.Build.0 = Debug|Any CPU
		{85610109-2212-43D6-A240-1E58187BD241}.Release|Any CPU.ActiveCfg = Release|Any CPU
		{85610109-2212-43D6-A240-1E58187BD241}.Release|Any CPU.Build.0 = Release|Any CPU
		{171B0DEF-8851-4DEE-BF02-F4458A8B899D}.Debug|Any CPU.ActiveCfg = Debug|Any CPU
		{171B0DEF-8851-4DEE-BF02-F4458A8B899D}.Debug|Any CPU.Build.0 = Debug|Any CPU
		{171B0DEF-8851-4DEE-BF02-F4458A8B899D}.Release|Any CPU.ActiveCfg = Release|Any CPU
		{171B0DEF-8851-4DEE-BF02-F4458A8B899D}.Release|Any CPU.Build.0 = Release|Any CPU
		{C871A65A-1214-491E-A2BD-AAA1CB90BAE3}.Debug|Any CPU.ActiveCfg = Debug|Any CPU
		{C871A65A-1214-491E-A2BD-AAA1CB90BAE3}.Debug|Any CPU.Build.0 = Debug|Any CPU
		{C871A65A-1214-491E-A2BD-AAA1CB90BAE3}.Release|Any CPU.ActiveCfg = Release|Any CPU
		{C871A65A-1214-491E-A2BD-AAA1CB90BAE3}.Release|Any CPU.Build.0 = Release|Any CPU
		{68380C6B-CAA8-4B05-9D8A-6551D17A750E}.Debug|Any CPU.ActiveCfg = Debug|Any CPU
		{68380C6B-CAA8-4B05-9D8A-6551D17A750E}.Debug|Any CPU.Build.0 = Debug|Any CPU
		{68380C6B-CAA8-4B05-9D8A-6551D17A750E}.Release|Any CPU.ActiveCfg = Release|Any CPU
		{68380C6B-CAA8-4B05-9D8A-6551D17A750E}.Release|Any CPU.Build.0 = Release|Any CPU
	EndGlobalSection
	GlobalSection(SolutionProperties) = preSolution
		HideSolutionNode = FALSE
	EndGlobalSection
	GlobalSection(NestedProjects) = preSolution
		{1AFFE957-9B55-47FD-B851-8F74A81A7BB7} = {5377FF5A-DFE9-49FD-B6A7-77CEBB4CD202}
	EndGlobalSection
	GlobalSection(ExtensibilityGlobals) = postSolution
		SolutionGuid = {E3A0878D-BD2C-4E54-AABB-A6515D12925A}
	EndGlobalSection
EndGlobal
